
Microsoft Visual Studio Solution File, Format Version 12.00
# Visual Studio 15
Project("{FAE04EC0-301F-11D3-BF4B-00C04F79EFBC}") = "UML Naves", "Assembly-CSharp.csproj", "{E96E41FE-1C3B-5C6B-A20A-F973AC2FBE25}"
EndProject
Global
	GlobalSection(SolutionConfigurationPlatforms) = preSolution
		Debug|Any CPU = Debug|Any CPU
		Release|Any CPU = Release|Any CPU
	EndGlobalSection
	GlobalSection(ProjectConfigurationPlatforms) = postSolution
		{E96E41FE-1C3B-5C6B-A20A-F973AC2FBE25}.Debug|Any CPU.ActiveCfg = Debug|Any CPU
		{E96E41FE-1C3B-5C6B-A20A-F973AC2FBE25}.Debug|Any CPU.Build.0 = Debug|Any CPU
		{E96E41FE-1C3B-5C6B-A20A-F973AC2FBE25}.Release|Any CPU.ActiveCfg = Release|Any CPU
		{E96E41FE-1C3B-5C6B-A20A-F973AC2FBE25}.Release|Any CPU.Build.0 = Release|Any CPU
	EndGlobalSection
	GlobalSection(SolutionProperties) = preSolution
		HideSolutionNode = FALSE
	EndGlobalSection
EndGlobal
